
Microsoft Visual Studio Solution File, Format Version 12.00
# Visual Studio Version 16
VisualStudioVersion = 16.0.30907.101
MinimumVisualStudioVersion = 10.0.40219.1
Project("{FAE04EC0-301F-11D3-BF4B-00C04F79EFBC}") = "DataAccess", "DataAccess\DataAccess.csproj", "{5DD5A334-7F50-46C0-BF9E-E362703A1438}"
EndProject
Project("{FAE04EC0-301F-11D3-BF4B-00C04F79EFBC}") = "Business", "Business\Business.csproj", "{10DA4227-2A22-4F21-9030-4FFEFDB1B486}"
EndProject
Project("{FAE04EC0-301F-11D3-BF4B-00C04F79EFBC}") = "Entities", "Entities\Entities.csproj", "{7AE2574A-6877-4BB4-9FA9-1F2D7FFD59EB}"
EndProject
Project("{FAE04EC0-301F-11D3-BF4B-00C04F79EFBC}") = "ConsoleUI", "ConsoleUI\ConsoleUI.csproj", "{767FCD51-52F3-41D0-A29B-D3518DE6877A}"
EndProject
Global
	GlobalSection(SolutionConfigurationPlatforms) = preSolution
		Debug|Any CPU = Debug|Any CPU
		Release|Any CPU = Release|Any CPU
	EndGlobalSection
	GlobalSection(ProjectConfigurationPlatforms) = postSolution
		{5DD5A334-7F50-46C0-BF9E-E362703A1438}.Debug|Any CPU.ActiveCfg = Debug|Any CPU
		{5DD5A334-7F50-46C0-BF9E-E362703A1438}.Debug|Any CPU.Build.0 = Debug|Any CPU
		{5DD5A334-7F50-46C0-BF9E-E362703A1438}.Release|Any CPU.ActiveCfg = Release|Any CPU
		{5DD5A334-7F50-46C0-BF9E-E362703A1438}.Release|Any CPU.Build.0 = Release|Any CPU
		{10DA4227-2A22-4F21-9030-4FFEFDB1B486}.Debug|Any CPU.ActiveCfg = Debug|Any CPU
		{10DA4227-2A22-4F21-9030-4FFEFDB1B486}.Debug|Any CPU.Build.0 = Debug|Any CPU
		{10DA4227-2A22-4F21-9030-4FFEFDB1B486}.Release|Any CPU.ActiveCfg = Release|Any CPU
		{10DA4227-2A22-4F21-9030-4FFEFDB1B486}.Release|Any CPU.Build.0 = Release|Any CPU
		{7AE2574A-6877-4BB4-9FA9-1F2D7FFD59EB}.Debug|Any CPU.ActiveCfg = Debug|Any CPU
		{7AE2574A-6877-4BB4-9FA9-1F2D7FFD59EB}.Debug|Any CPU.Build.0 = Debug|Any CPU
		{7AE2574A-6877-4BB4-9FA9-1F2D7FFD59EB}.Release|Any CPU.ActiveCfg = Release|Any CPU
		{7AE2574A-6877-4BB4-9FA9-1F2D7FFD59EB}.Release|Any CPU.Build.0 = Release|Any CPU
		{767FCD51-52F3-41D0-A29B-D3518DE6877A}.Debug|Any CPU.ActiveCfg = Debug|Any CPU
		{767FCD51-52F3-41D0-A29B-D3518DE6877A}.Debug|Any CPU.Build.0 = Debug|Any CPU
		{767FCD51-52F3-41D0-A29B-D3518DE6877A}.Release|Any CPU.ActiveCfg = Release|Any CPU
		{767FCD51-52F3-41D0-A29B-D3518DE6877A}.Release|Any CPU.Build.0 = Release|Any CPU
	EndGlobalSection
	GlobalSection(SolutionProperties) = preSolution
		HideSolutionNode = FALSE
	EndGlobalSection
	GlobalSection(ExtensibilityGlobals) = postSolution
		SolutionGuid = {49FC7CD5-411B-49BE-AEEF-3626AB7A91F4}
	EndGlobalSection
EndGlobal
